// !$*UTF8*$!
{
	archiveVersion = 1;
	classes = {
	};
	objectVersion = 56;
	objects = {

/* Begin PBXBuildFile section */
		1728009E1FF82441F677E2D5 /* Pods_Zeus.framework in Frameworks */ = {isa = PBXBuildFile; fileRef = 87DF6676700D6538081E13C5 /* Pods_Zeus.framework */; };
		49182D7D295D946E00BD9F72 /* AppDelegate.swift in Sources */ = {isa = PBXBuildFile; fileRef = 49182D7C295D946E00BD9F72 /* AppDelegate.swift */; };
		49182D86295D947000BD9F72 /* Assets.xcassets in Resources */ = {isa = PBXBuildFile; fileRef = 49182D85295D947000BD9F72 /* Assets.xcassets */; };
		49182D89295D947000BD9F72 /* LaunchScreen.storyboard in Resources */ = {isa = PBXBuildFile; fileRef = 49182D87295D947000BD9F72 /* LaunchScreen.storyboard */; };
		49182D94295D947000BD9F72 /* ZeusTests.swift in Sources */ = {isa = PBXBuildFile; fileRef = 49182D93295D947000BD9F72 /* ZeusTests.swift */; };
		49182D9E295D947000BD9F72 /* ZeusUITests.swift in Sources */ = {isa = PBXBuildFile; fileRef = 49182D9D295D947000BD9F72 /* ZeusUITests.swift */; };
		49182DA0295D947000BD9F72 /* ZeusUITestsLaunchTests.swift in Sources */ = {isa = PBXBuildFile; fileRef = 49182D9F295D947000BD9F72 /* ZeusUITestsLaunchTests.swift */; };
		49182DAD295D9A0100BD9F72 /* TabBarController.swift in Sources */ = {isa = PBXBuildFile; fileRef = 49182DAC295D9A0100BD9F72 /* TabBarController.swift */; };
		49182DAF295DAA2800BD9F72 /* TopNewsPageController.swift in Sources */ = {isa = PBXBuildFile; fileRef = 49182DAE295DAA2800BD9F72 /* TopNewsPageController.swift */; };
		49182DB1295DAA5B00BD9F72 /* MapPageController.swift in Sources */ = {isa = PBXBuildFile; fileRef = 49182DB0295DAA5B00BD9F72 /* MapPageController.swift */; };
		49182DB3295DAA7300BD9F72 /* SearchPageController.swift in Sources */ = {isa = PBXBuildFile; fileRef = 49182DB2295DAA7300BD9F72 /* SearchPageController.swift */; };
		49182DB7295DAEBA00BD9F72 /* TableViewController.swift in Sources */ = {isa = PBXBuildFile; fileRef = 49182DB6295DAEBA00BD9F72 /* TableViewController.swift */; };
		49182DB9295DB41D00BD9F72 /* NewsPreviewCell.swift in Sources */ = {isa = PBXBuildFile; fileRef = 49182DB8295DB41D00BD9F72 /* NewsPreviewCell.swift */; };
		49182DBB295EAA3C00BD9F72 /* Networking.swift in Sources */ = {isa = PBXBuildFile; fileRef = 49182DBA295EAA3C00BD9F72 /* Networking.swift */; };
		49182DBD295EC67700BD9F72 /* NavigationController.swift in Sources */ = {isa = PBXBuildFile; fileRef = 49182DBC295EC67700BD9F72 /* NavigationController.swift */; };
		49182DBF295ED20700BD9F72 /* APIResult.swift in Sources */ = {isa = PBXBuildFile; fileRef = 49182DBE295ED20700BD9F72 /* APIResult.swift */; };
		49182DC1295ED25700BD9F72 /* Articles.swift in Sources */ = {isa = PBXBuildFile; fileRef = 49182DC0295ED25700BD9F72 /* Articles.swift */; };
		49182DC3295F1D7500BD9F72 /* WebView.swift in Sources */ = {isa = PBXBuildFile; fileRef = 49182DC2295F1D7500BD9F72 /* WebView.swift */; };
		49182DC52962B39800BD9F72 /* FilterPage.swift in Sources */ = {isa = PBXBuildFile; fileRef = 49182DC42962B39800BD9F72 /* FilterPage.swift */; };
		49182DC92962DED100BD9F72 /* CategoryListTableViewController.swift in Sources */ = {isa = PBXBuildFile; fileRef = 49182DC82962DED100BD9F72 /* CategoryListTableViewController.swift */; };
		49182DCB2962E6F700BD9F72 /* CategoryCell.swift in Sources */ = {isa = PBXBuildFile; fileRef = 49182DCA2962E6F700BD9F72 /* CategoryCell.swift */; };
		49182DCF29640C4000BD9F72 /* NewsView.swift in Sources */ = {isa = PBXBuildFile; fileRef = 49182DCE29640C4000BD9F72 /* NewsView.swift */; };
		49182DD529641EDC00BD9F72 /* HeadlinesViewController.swift in Sources */ = {isa = PBXBuildFile; fileRef = 49182DD429641EDC00BD9F72 /* HeadlinesViewController.swift */; };
		4934845129683BAC00674F19 /* Secrets.swift in Sources */ = {isa = PBXBuildFile; fileRef = 4934845029683BAC00674F19 /* Secrets.swift */; };
		49348458296857E800674F19 /* LoadingScreen.swift in Sources */ = {isa = PBXBuildFile; fileRef = 49348457296857E800674F19 /* LoadingScreen.swift */; };
		4934845A2968591600674F19 /* NoResultsFound.swift in Sources */ = {isa = PBXBuildFile; fileRef = 493484592968591600674F19 /* NoResultsFound.swift */; };
		4934845C29699E9D00674F19 /* NetworkMonitor.swift in Sources */ = {isa = PBXBuildFile; fileRef = 4934845B29699E9D00674F19 /* NetworkMonitor.swift */; };
		493484632969AF3B00674F19 /* Localizable.strings in Resources */ = {isa = PBXBuildFile; fileRef = 493484652969AF3B00674F19 /* Localizable.strings */; };
		49348468296BD75D00674F19 /* NoInternetConnection.swift in Sources */ = {isa = PBXBuildFile; fileRef = 49348467296BD75D00674F19 /* NoInternetConnection.swift */; };
		4934846A296C71DB00674F19 /* Sources.swift in Sources */ = {isa = PBXBuildFile; fileRef = 49348469296C71DB00674F19 /* Sources.swift */; };
		4934846C296C7F1300674F19 /* SourcesView.swift in Sources */ = {isa = PBXBuildFile; fileRef = 4934846B296C7F1300674F19 /* SourcesView.swift */; };
		4934846E296C842F00674F19 /* SearchPageFilter.swift in Sources */ = {isa = PBXBuildFile; fileRef = 4934846D296C842F00674F19 /* SearchPageFilter.swift */; };
		49348470296D7D6400674F19 /* UtilityClass.swift in Sources */ = {isa = PBXBuildFile; fileRef = 4934846F296D7D6400674F19 /* UtilityClass.swift */; };
		49EC38FD2965855F000A3F1E /* MapView.swift in Sources */ = {isa = PBXBuildFile; fileRef = 49EC38FC2965855F000A3F1E /* MapView.swift */; };
/* End PBXBuildFile section */

/* Begin PBXContainerItemProxy section */
		49182D90295D947000BD9F72 /* PBXContainerItemProxy */ = {
			isa = PBXContainerItemProxy;
			containerPortal = 49182D71295D946E00BD9F72 /* Project object */;
			proxyType = 1;
			remoteGlobalIDString = 49182D78295D946E00BD9F72;
			remoteInfo = Zeus;
		};
		49182D9A295D947000BD9F72 /* PBXContainerItemProxy */ = {
			isa = PBXContainerItemProxy;
			containerPortal = 49182D71295D946E00BD9F72 /* Project object */;
			proxyType = 1;
			remoteGlobalIDString = 49182D78295D946E00BD9F72;
			remoteInfo = Zeus;
		};
/* End PBXContainerItemProxy section */

/* Begin PBXFileReference section */
		49182D79295D946E00BD9F72 /* Zeus.app */ = {isa = PBXFileReference; explicitFileType = wrapper.application; includeInIndex = 0; path = Zeus.app; sourceTree = BUILT_PRODUCTS_DIR; };
		49182D7C295D946E00BD9F72 /* AppDelegate.swift */ = {isa = PBXFileReference; lastKnownFileType = sourcecode.swift; path = AppDelegate.swift; sourceTree = "<group>"; };
		49182D85295D947000BD9F72 /* Assets.xcassets */ = {isa = PBXFileReference; lastKnownFileType = folder.assetcatalog; path = Assets.xcassets; sourceTree = "<group>"; };
		49182D88295D947000BD9F72 /* Base */ = {isa = PBXFileReference; lastKnownFileType = file.storyboard; name = Base; path = Base.lproj/LaunchScreen.storyboard; sourceTree = "<group>"; };
		49182D8A295D947000BD9F72 /* Info.plist */ = {isa = PBXFileReference; lastKnownFileType = text.plist.xml; path = Info.plist; sourceTree = "<group>"; };
		49182D8F295D947000BD9F72 /* ZeusTests.xctest */ = {isa = PBXFileReference; explicitFileType = wrapper.cfbundle; includeInIndex = 0; path = ZeusTests.xctest; sourceTree = BUILT_PRODUCTS_DIR; };
		49182D93295D947000BD9F72 /* ZeusTests.swift */ = {isa = PBXFileReference; lastKnownFileType = sourcecode.swift; path = ZeusTests.swift; sourceTree = "<group>"; };
		49182D99295D947000BD9F72 /* ZeusUITests.xctest */ = {isa = PBXFileReference; explicitFileType = wrapper.cfbundle; includeInIndex = 0; path = ZeusUITests.xctest; sourceTree = BUILT_PRODUCTS_DIR; };
		49182D9D295D947000BD9F72 /* ZeusUITests.swift */ = {isa = PBXFileReference; lastKnownFileType = sourcecode.swift; path = ZeusUITests.swift; sourceTree = "<group>"; };
		49182D9F295D947000BD9F72 /* ZeusUITestsLaunchTests.swift */ = {isa = PBXFileReference; lastKnownFileType = sourcecode.swift; path = ZeusUITestsLaunchTests.swift; sourceTree = "<group>"; };
		49182DAC295D9A0100BD9F72 /* TabBarController.swift */ = {isa = PBXFileReference; lastKnownFileType = sourcecode.swift; path = TabBarController.swift; sourceTree = "<group>"; };
		49182DAE295DAA2800BD9F72 /* TopNewsPageController.swift */ = {isa = PBXFileReference; lastKnownFileType = sourcecode.swift; path = TopNewsPageController.swift; sourceTree = "<group>"; };
		49182DB0295DAA5B00BD9F72 /* MapPageController.swift */ = {isa = PBXFileReference; lastKnownFileType = sourcecode.swift; path = MapPageController.swift; sourceTree = "<group>"; };
		49182DB2295DAA7300BD9F72 /* SearchPageController.swift */ = {isa = PBXFileReference; lastKnownFileType = sourcecode.swift; path = SearchPageController.swift; sourceTree = "<group>"; };
		49182DB6295DAEBA00BD9F72 /* TableViewController.swift */ = {isa = PBXFileReference; lastKnownFileType = sourcecode.swift; path = TableViewController.swift; sourceTree = "<group>"; };
		49182DB8295DB41D00BD9F72 /* NewsPreviewCell.swift */ = {isa = PBXFileReference; lastKnownFileType = sourcecode.swift; path = NewsPreviewCell.swift; sourceTree = "<group>"; };
		49182DBA295EAA3C00BD9F72 /* Networking.swift */ = {isa = PBXFileReference; lastKnownFileType = sourcecode.swift; path = Networking.swift; sourceTree = "<group>"; };
		49182DBC295EC67700BD9F72 /* NavigationController.swift */ = {isa = PBXFileReference; lastKnownFileType = sourcecode.swift; path = NavigationController.swift; sourceTree = "<group>"; };
		49182DBE295ED20700BD9F72 /* APIResult.swift */ = {isa = PBXFileReference; lastKnownFileType = sourcecode.swift; path = APIResult.swift; sourceTree = "<group>"; };
		49182DC0295ED25700BD9F72 /* Articles.swift */ = {isa = PBXFileReference; lastKnownFileType = sourcecode.swift; path = Articles.swift; sourceTree = "<group>"; };
		49182DC2295F1D7500BD9F72 /* WebView.swift */ = {isa = PBXFileReference; lastKnownFileType = sourcecode.swift; path = WebView.swift; sourceTree = "<group>"; };
		49182DC42962B39800BD9F72 /* FilterPage.swift */ = {isa = PBXFileReference; lastKnownFileType = sourcecode.swift; path = FilterPage.swift; sourceTree = "<group>"; };
		49182DC82962DED100BD9F72 /* CategoryListTableViewController.swift */ = {isa = PBXFileReference; lastKnownFileType = sourcecode.swift; path = CategoryListTableViewController.swift; sourceTree = "<group>"; };
		49182DCA2962E6F700BD9F72 /* CategoryCell.swift */ = {isa = PBXFileReference; lastKnownFileType = sourcecode.swift; path = CategoryCell.swift; sourceTree = "<group>"; };
		49182DCE29640C4000BD9F72 /* NewsView.swift */ = {isa = PBXFileReference; lastKnownFileType = sourcecode.swift; path = NewsView.swift; sourceTree = "<group>"; };
		49182DD429641EDC00BD9F72 /* HeadlinesViewController.swift */ = {isa = PBXFileReference; lastKnownFileType = sourcecode.swift; path = HeadlinesViewController.swift; sourceTree = "<group>"; };
		4934845029683BAC00674F19 /* Secrets.swift */ = {isa = PBXFileReference; lastKnownFileType = sourcecode.swift; path = Secrets.swift; sourceTree = "<group>"; };
		49348457296857E800674F19 /* LoadingScreen.swift */ = {isa = PBXFileReference; lastKnownFileType = sourcecode.swift; path = LoadingScreen.swift; sourceTree = "<group>"; };
		493484592968591600674F19 /* NoResultsFound.swift */ = {isa = PBXFileReference; lastKnownFileType = sourcecode.swift; name = NoResultsFound.swift; path = Zeus/View/NoResultsFound.swift; sourceTree = SOURCE_ROOT; };
		4934845B29699E9D00674F19 /* NetworkMonitor.swift */ = {isa = PBXFileReference; lastKnownFileType = sourcecode.swift; path = NetworkMonitor.swift; sourceTree = "<group>"; };
		493484642969AF3B00674F19 /* en */ = {isa = PBXFileReference; lastKnownFileType = text.plist.strings; name = en; path = en.lproj/Localizable.strings; sourceTree = "<group>"; };
		493484662969AF6A00674F19 /* hi */ = {isa = PBXFileReference; lastKnownFileType = text.plist.strings; name = hi; path = hi.lproj/Localizable.strings; sourceTree = "<group>"; };
		49348467296BD75D00674F19 /* NoInternetConnection.swift */ = {isa = PBXFileReference; lastKnownFileType = sourcecode.swift; path = NoInternetConnection.swift; sourceTree = "<group>"; };
		49348469296C71DB00674F19 /* Sources.swift */ = {isa = PBXFileReference; lastKnownFileType = sourcecode.swift; path = Sources.swift; sourceTree = "<group>"; };
		4934846B296C7F1300674F19 /* SourcesView.swift */ = {isa = PBXFileReference; lastKnownFileType = sourcecode.swift; name = SourcesView.swift; path = Zeus/View/SourcesView.swift; sourceTree = SOURCE_ROOT; };
		4934846D296C842F00674F19 /* SearchPageFilter.swift */ = {isa = PBXFileReference; lastKnownFileType = sourcecode.swift; path = SearchPageFilter.swift; sourceTree = "<group>"; };
		4934846F296D7D6400674F19 /* UtilityClass.swift */ = {isa = PBXFileReference; lastKnownFileType = sourcecode.swift; path = UtilityClass.swift; sourceTree = "<group>"; };
		49EC38FC2965855F000A3F1E /* MapView.swift */ = {isa = PBXFileReference; lastKnownFileType = sourcecode.swift; path = MapView.swift; sourceTree = "<group>"; };
		60919F07907C6D8048562E8F /* Pods-Zeus.release.xcconfig */ = {isa = PBXFileReference; includeInIndex = 1; lastKnownFileType = text.xcconfig; name = "Pods-Zeus.release.xcconfig"; path = "Target Support Files/Pods-Zeus/Pods-Zeus.release.xcconfig"; sourceTree = "<group>"; };
		87DF6676700D6538081E13C5 /* Pods_Zeus.framework */ = {isa = PBXFileReference; explicitFileType = wrapper.framework; includeInIndex = 0; path = Pods_Zeus.framework; sourceTree = BUILT_PRODUCTS_DIR; };
		9DC4E78697F283CA62378E9C /* Pods-Zeus.debug.xcconfig */ = {isa = PBXFileReference; includeInIndex = 1; lastKnownFileType = text.xcconfig; name = "Pods-Zeus.debug.xcconfig"; path = "Target Support Files/Pods-Zeus/Pods-Zeus.debug.xcconfig"; sourceTree = "<group>"; };
/* End PBXFileReference section */

/* Begin PBXFrameworksBuildPhase section */
		49182D76295D946E00BD9F72 /* Frameworks */ = {
			isa = PBXFrameworksBuildPhase;
			buildActionMask = 2147483647;
			files = (
				1728009E1FF82441F677E2D5 /* Pods_Zeus.framework in Frameworks */,
			);
			runOnlyForDeploymentPostprocessing = 0;
		};
		49182D8C295D947000BD9F72 /* Frameworks */ = {
			isa = PBXFrameworksBuildPhase;
			buildActionMask = 2147483647;
			files = (
			);
			runOnlyForDeploymentPostprocessing = 0;
		};
		49182D96295D947000BD9F72 /* Frameworks */ = {
			isa = PBXFrameworksBuildPhase;
			buildActionMask = 2147483647;
			files = (
			);
			runOnlyForDeploymentPostprocessing = 0;
		};
/* End PBXFrameworksBuildPhase section */

/* Begin PBXGroup section */
		0536135A5D789821330F9767 /* Frameworks */ = {
			isa = PBXGroup;
			children = (
				87DF6676700D6538081E13C5 /* Pods_Zeus.framework */,
			);
			name = Frameworks;
			sourceTree = "<group>";
		};
		49182D70295D946E00BD9F72 = {
			isa = PBXGroup;
			children = (
				0536135A5D789821330F9767 /* Frameworks */,
				627F0F541717DA6CC59B4769 /* Pods */,
				49182D7A295D946E00BD9F72 /* Products */,
				49182D7B295D946E00BD9F72 /* Zeus */,
				49182D92295D947000BD9F72 /* ZeusTests */,
				49182D9C295D947000BD9F72 /* ZeusUITests */,
			);
			sourceTree = "<group>";
		};
		49182D7A295D946E00BD9F72 /* Products */ = {
			isa = PBXGroup;
			children = (
				49182D79295D946E00BD9F72 /* Zeus.app */,
				49182D8F295D947000BD9F72 /* ZeusTests.xctest */,
				49182D99295D947000BD9F72 /* ZeusUITests.xctest */,
			);
			name = Products;
			sourceTree = "<group>";
		};
		49182D7B295D946E00BD9F72 /* Zeus */ = {
			isa = PBXGroup;
			children = (
				49182D8A295D947000BD9F72 /* Info.plist */,
				49182D7C295D946E00BD9F72 /* AppDelegate.swift */,
				49182D85295D947000BD9F72 /* Assets.xcassets */,
				493484652969AF3B00674F19 /* Localizable.strings */,
				49EC3901296589C9000A3F1E /* Controller */,
				49182D87295D947000BD9F72 /* LaunchScreen.storyboard */,
				49EC38FE296589AC000A3F1E /* Model */,
				49EC38FF296589B9000A3F1E /* View */,
				4934845029683BAC00674F19 /* Secrets.swift */,
			);
			path = Zeus;
			sourceTree = "<group>";
		};
		49182D92295D947000BD9F72 /* ZeusTests */ = {
			isa = PBXGroup;
			children = (
				49182D93295D947000BD9F72 /* ZeusTests.swift */,
			);
			path = ZeusTests;
			sourceTree = "<group>";
		};
		49182D9C295D947000BD9F72 /* ZeusUITests */ = {
			isa = PBXGroup;
			children = (
				49182D9D295D947000BD9F72 /* ZeusUITests.swift */,
				49182D9F295D947000BD9F72 /* ZeusUITestsLaunchTests.swift */,
			);
			path = ZeusUITests;
			sourceTree = "<group>";
		};
		49EC38FE296589AC000A3F1E /* Model */ = {
			isa = PBXGroup;
			children = (
				49182DBE295ED20700BD9F72 /* APIResult.swift */,
				49182DC0295ED25700BD9F72 /* Articles.swift */,
				4934846F296D7D6400674F19 /* UtilityClass.swift */,
				49348469296C71DB00674F19 /* Sources.swift */,
			);
			path = Model;
			sourceTree = "<group>";
		};
		49EC38FF296589B9000A3F1E /* View */ = {
			isa = PBXGroup;
			children = (
				493484592968591600674F19 /* NoResultsFound.swift */,
				49182DCA2962E6F700BD9F72 /* CategoryCell.swift */,
				49348457296857E800674F19 /* LoadingScreen.swift */,
				4934846B296C7F1300674F19 /* SourcesView.swift */,
				4934846D296C842F00674F19 /* SearchPageFilter.swift */,
				49182DC42962B39800BD9F72 /* FilterPage.swift */,
				49EC38FC2965855F000A3F1E /* MapView.swift */,
				49348467296BD75D00674F19 /* NoInternetConnection.swift */,
				49182DB8295DB41D00BD9F72 /* NewsPreviewCell.swift */,
				49182DCE29640C4000BD9F72 /* NewsView.swift */,
				49182DC2295F1D7500BD9F72 /* WebView.swift */,
			);
			path = View;
			sourceTree = "<group>";
		};
		49EC3901296589C9000A3F1E /* Controller */ = {
			isa = PBXGroup;
			children = (
				49182DC82962DED100BD9F72 /* CategoryListTableViewController.swift */,
				49182DD429641EDC00BD9F72 /* HeadlinesViewController.swift */,
				49182DB0295DAA5B00BD9F72 /* MapPageController.swift */,
				49182DBC295EC67700BD9F72 /* NavigationController.swift */,
				49182DBA295EAA3C00BD9F72 /* Networking.swift */,
				4934845B29699E9D00674F19 /* NetworkMonitor.swift */,
				49182DB2295DAA7300BD9F72 /* SearchPageController.swift */,
				49182DAC295D9A0100BD9F72 /* TabBarController.swift */,
				49182DB6295DAEBA00BD9F72 /* TableViewController.swift */,
				49182DAE295DAA2800BD9F72 /* TopNewsPageController.swift */,
			);
			path = Controller;
			sourceTree = "<group>";
		};
		627F0F541717DA6CC59B4769 /* Pods */ = {
			isa = PBXGroup;
			children = (
				9DC4E78697F283CA62378E9C /* Pods-Zeus.debug.xcconfig */,
				60919F07907C6D8048562E8F /* Pods-Zeus.release.xcconfig */,
			);
			path = Pods;
			sourceTree = "<group>";
		};
/* End PBXGroup section */

/* Begin PBXNativeTarget section */
		49182D78295D946E00BD9F72 /* Zeus */ = {
			isa = PBXNativeTarget;
			buildConfigurationList = 49182DA3295D947000BD9F72 /* Build configuration list for PBXNativeTarget "Zeus" */;
			buildPhases = (
				5EA955BBB8F52EC8766F73E5 /* [CP] Check Pods Manifest.lock */,
				49182D75295D946E00BD9F72 /* Sources */,
				49182D76295D946E00BD9F72 /* Frameworks */,
				49182D77295D946E00BD9F72 /* Resources */,
				A8665B8FE3C148AB77D33344 /* [CP] Embed Pods Frameworks */,
				98D741901DBF1E5BF0C185C0 /* [CP] Copy Pods Resources */,
			);
			buildRules = (
			);
			dependencies = (
			);
			name = Zeus;
			productName = Zeus;
			productReference = 49182D79295D946E00BD9F72 /* Zeus.app */;
			productType = "com.apple.product-type.application";
		};
		49182D8E295D947000BD9F72 /* ZeusTests */ = {
			isa = PBXNativeTarget;
			buildConfigurationList = 49182DA6295D947000BD9F72 /* Build configuration list for PBXNativeTarget "ZeusTests" */;
			buildPhases = (
				49182D8B295D947000BD9F72 /* Sources */,
				49182D8C295D947000BD9F72 /* Frameworks */,
				49182D8D295D947000BD9F72 /* Resources */,
			);
			buildRules = (
			);
			dependencies = (
				49182D91295D947000BD9F72 /* PBXTargetDependency */,
			);
			name = ZeusTests;
			productName = ZeusTests;
			productReference = 49182D8F295D947000BD9F72 /* ZeusTests.xctest */;
			productType = "com.apple.product-type.bundle.unit-test";
		};
		49182D98295D947000BD9F72 /* ZeusUITests */ = {
			isa = PBXNativeTarget;
			buildConfigurationList = 49182DA9295D947000BD9F72 /* Build configuration list for PBXNativeTarget "ZeusUITests" */;
			buildPhases = (
				49182D95295D947000BD9F72 /* Sources */,
				49182D96295D947000BD9F72 /* Frameworks */,
				49182D97295D947000BD9F72 /* Resources */,
			);
			buildRules = (
			);
			dependencies = (
				49182D9B295D947000BD9F72 /* PBXTargetDependency */,
			);
			name = ZeusUITests;
			productName = ZeusUITests;
			productReference = 49182D99295D947000BD9F72 /* ZeusUITests.xctest */;
			productType = "com.apple.product-type.bundle.ui-testing";
		};
/* End PBXNativeTarget section */

/* Begin PBXProject section */
		49182D71295D946E00BD9F72 /* Project object */ = {
			isa = PBXProject;
			attributes = {
				BuildIndependentTargetsInParallel = 1;
				LastSwiftUpdateCheck = 1410;
				LastUpgradeCheck = 1410;
				TargetAttributes = {
					49182D78295D946E00BD9F72 = {
						CreatedOnToolsVersion = 14.1;
					};
					49182D8E295D947000BD9F72 = {
						CreatedOnToolsVersion = 14.1;
						TestTargetID = 49182D78295D946E00BD9F72;
					};
					49182D98295D947000BD9F72 = {
						CreatedOnToolsVersion = 14.1;
						TestTargetID = 49182D78295D946E00BD9F72;
					};
				};
			};
			buildConfigurationList = 49182D74295D946E00BD9F72 /* Build configuration list for PBXProject "Zeus" */;
			compatibilityVersion = "Xcode 14.0";
			developmentRegion = en;
			hasScannedForEncodings = 0;
			knownRegions = (
				en,
				Base,
				hi,
			);
			mainGroup = 49182D70295D946E00BD9F72;
			productRefGroup = 49182D7A295D946E00BD9F72 /* Products */;
			projectDirPath = "";
			projectRoot = "";
			targets = (
				49182D78295D946E00BD9F72 /* Zeus */,
				49182D8E295D947000BD9F72 /* ZeusTests */,
				49182D98295D947000BD9F72 /* ZeusUITests */,
			);
		};
/* End PBXProject section */

/* Begin PBXResourcesBuildPhase section */
		49182D77295D946E00BD9F72 /* Resources */ = {
			isa = PBXResourcesBuildPhase;
			buildActionMask = 2147483647;
			files = (
				49182D89295D947000BD9F72 /* LaunchScreen.storyboard in Resources */,
				493484632969AF3B00674F19 /* Localizable.strings in Resources */,
				49182D86295D947000BD9F72 /* Assets.xcassets in Resources */,
			);
			runOnlyForDeploymentPostprocessing = 0;
		};
		49182D8D295D947000BD9F72 /* Resources */ = {
			isa = PBXResourcesBuildPhase;
			buildActionMask = 2147483647;
			files = (
			);
			runOnlyForDeploymentPostprocessing = 0;
		};
		49182D97295D947000BD9F72 /* Resources */ = {
			isa = PBXResourcesBuildPhase;
			buildActionMask = 2147483647;
			files = (
			);
			runOnlyForDeploymentPostprocessing = 0;
		};
/* End PBXResourcesBuildPhase section */

/* Begin PBXShellScriptBuildPhase section */
		5EA955BBB8F52EC8766F73E5 /* [CP] Check Pods Manifest.lock */ = {
			isa = PBXShellScriptBuildPhase;
			buildActionMask = 2147483647;
			files = (
			);
			inputFileListPaths = (
			);
			inputPaths = (
				"${PODS_PODFILE_DIR_PATH}/Podfile.lock",
				"${PODS_ROOT}/Manifest.lock",
			);
			name = "[CP] Check Pods Manifest.lock";
			outputFileListPaths = (
			);
			outputPaths = (
				"$(DERIVED_FILE_DIR)/Pods-Zeus-checkManifestLockResult.txt",
			);
			runOnlyForDeploymentPostprocessing = 0;
			shellPath = /bin/sh;
			shellScript = "diff \"${PODS_PODFILE_DIR_PATH}/Podfile.lock\" \"${PODS_ROOT}/Manifest.lock\" > /dev/null\nif [ $? != 0 ] ; then\n    # print error to STDERR\n    echo \"error: The sandbox is not in sync with the Podfile.lock. Run 'pod install' or update your CocoaPods installation.\" >&2\n    exit 1\nfi\n# This output is used by Xcode 'outputs' to avoid re-running this script phase.\necho \"SUCCESS\" > \"${SCRIPT_OUTPUT_FILE_0}\"\n";
			showEnvVarsInLog = 0;
		};
		98D741901DBF1E5BF0C185C0 /* [CP] Copy Pods Resources */ = {
			isa = PBXShellScriptBuildPhase;
			buildActionMask = 2147483647;
			files = (
			);
			inputFileListPaths = (
				"${PODS_ROOT}/Target Support Files/Pods-Zeus/Pods-Zeus-resources-${CONFIGURATION}-input-files.xcfilelist",
			);
			name = "[CP] Copy Pods Resources";
			outputFileListPaths = (
				"${PODS_ROOT}/Target Support Files/Pods-Zeus/Pods-Zeus-resources-${CONFIGURATION}-output-files.xcfilelist",
			);
			runOnlyForDeploymentPostprocessing = 0;
			shellPath = /bin/sh;
			shellScript = "\"${PODS_ROOT}/Target Support Files/Pods-Zeus/Pods-Zeus-resources.sh\"\n";
			showEnvVarsInLog = 0;
		};
		A8665B8FE3C148AB77D33344 /* [CP] Embed Pods Frameworks */ = {
			isa = PBXShellScriptBuildPhase;
			buildActionMask = 2147483647;
			files = (
			);
			inputFileListPaths = (
				"${PODS_ROOT}/Target Support Files/Pods-Zeus/Pods-Zeus-frameworks-${CONFIGURATION}-input-files.xcfilelist",
			);
			name = "[CP] Embed Pods Frameworks";
			outputFileListPaths = (
				"${PODS_ROOT}/Target Support Files/Pods-Zeus/Pods-Zeus-frameworks-${CONFIGURATION}-output-files.xcfilelist",
			);
			runOnlyForDeploymentPostprocessing = 0;
			shellPath = /bin/sh;
			shellScript = "\"${PODS_ROOT}/Target Support Files/Pods-Zeus/Pods-Zeus-frameworks.sh\"\n";
			showEnvVarsInLog = 0;
		};
/* End PBXShellScriptBuildPhase section */

/* Begin PBXSourcesBuildPhase section */
		49182D75295D946E00BD9F72 /* Sources */ = {
			isa = PBXSourcesBuildPhase;
			buildActionMask = 2147483647;
			files = (
				49348458296857E800674F19 /* LoadingScreen.swift in Sources */,
				49182DBD295EC67700BD9F72 /* NavigationController.swift in Sources */,
				49182DAF295DAA2800BD9F72 /* TopNewsPageController.swift in Sources */,
				49182DC1295ED25700BD9F72 /* Articles.swift in Sources */,
				49EC38FD2965855F000A3F1E /* MapView.swift in Sources */,
				49182DC52962B39800BD9F72 /* FilterPage.swift in Sources */,
				49182DCB2962E6F700BD9F72 /* CategoryCell.swift in Sources */,
				4934846A296C71DB00674F19 /* Sources.swift in Sources */,
				49182DD529641EDC00BD9F72 /* HeadlinesViewController.swift in Sources */,
				4934845C29699E9D00674F19 /* NetworkMonitor.swift in Sources */,
				49182DBB295EAA3C00BD9F72 /* Networking.swift in Sources */,
				4934846E296C842F00674F19 /* SearchPageFilter.swift in Sources */,
				49182DBF295ED20700BD9F72 /* APIResult.swift in Sources */,
				49182DCF29640C4000BD9F72 /* NewsView.swift in Sources */,
				49182DB9295DB41D00BD9F72 /* NewsPreviewCell.swift in Sources */,
				49182DAD295D9A0100BD9F72 /* TabBarController.swift in Sources */,
				4934845A2968591600674F19 /* NoResultsFound.swift in Sources */,
				49182DB1295DAA5B00BD9F72 /* MapPageController.swift in Sources */,
				49182DB7295DAEBA00BD9F72 /* TableViewController.swift in Sources */,
				49348470296D7D6400674F19 /* UtilityClass.swift in Sources */,
				49182D7D295D946E00BD9F72 /* AppDelegate.swift in Sources */,
				4934846C296C7F1300674F19 /* SourcesView.swift in Sources */,
				49182DC92962DED100BD9F72 /* CategoryListTableViewController.swift in Sources */,
				49348468296BD75D00674F19 /* NoInternetConnection.swift in Sources */,
				4934845129683BAC00674F19 /* Secrets.swift in Sources */,
				49182DB3295DAA7300BD9F72 /* SearchPageController.swift in Sources */,
				49182DC3295F1D7500BD9F72 /* WebView.swift in Sources */,
			);
			runOnlyForDeploymentPostprocessing = 0;
		};
		49182D8B295D947000BD9F72 /* Sources */ = {
			isa = PBXSourcesBuildPhase;
			buildActionMask = 2147483647;
			files = (
				49182D94295D947000BD9F72 /* ZeusTests.swift in Sources */,
			);
			runOnlyForDeploymentPostprocessing = 0;
		};
		49182D95295D947000BD9F72 /* Sources */ = {
			isa = PBXSourcesBuildPhase;
			buildActionMask = 2147483647;
			files = (
				49182D9E295D947000BD9F72 /* ZeusUITests.swift in Sources */,
				49182DA0295D947000BD9F72 /* ZeusUITestsLaunchTests.swift in Sources */,
			);
			runOnlyForDeploymentPostprocessing = 0;
		};
/* End PBXSourcesBuildPhase section */

/* Begin PBXTargetDependency section */
		49182D91295D947000BD9F72 /* PBXTargetDependency */ = {
			isa = PBXTargetDependency;
			target = 49182D78295D946E00BD9F72 /* Zeus */;
			targetProxy = 49182D90295D947000BD9F72 /* PBXContainerItemProxy */;
		};
		49182D9B295D947000BD9F72 /* PBXTargetDependency */ = {
			isa = PBXTargetDependency;
			target = 49182D78295D946E00BD9F72 /* Zeus */;
			targetProxy = 49182D9A295D947000BD9F72 /* PBXContainerItemProxy */;
		};
/* End PBXTargetDependency section */

/* Begin PBXVariantGroup section */
		49182D87295D947000BD9F72 /* LaunchScreen.storyboard */ = {
			isa = PBXVariantGroup;
			children = (
				49182D88295D947000BD9F72 /* Base */,
			);
			name = LaunchScreen.storyboard;
			sourceTree = "<group>";
		};
		493484652969AF3B00674F19 /* Localizable.strings */ = {
			isa = PBXVariantGroup;
			children = (
				493484642969AF3B00674F19 /* en */,
				493484662969AF6A00674F19 /* hi */,
			);
			name = Localizable.strings;
			sourceTree = "<group>";
		};
/* End PBXVariantGroup section */

/* Begin XCBuildConfiguration section */
		49182DA1295D947000BD9F72 /* Debug */ = {
			isa = XCBuildConfiguration;
			buildSettings = {
				ALWAYS_SEARCH_USER_PATHS = NO;
				CLANG_ANALYZER_LOCALIZABILITY_NONLOCALIZED = YES;
				CLANG_ANALYZER_NONNULL = YES;
				CLANG_ANALYZER_NUMBER_OBJECT_CONVERSION = YES_AGGRESSIVE;
				CLANG_CXX_LANGUAGE_STANDARD = "gnu++20";
				CLANG_ENABLE_MODULES = YES;
				CLANG_ENABLE_OBJC_ARC = YES;
				CLANG_ENABLE_OBJC_WEAK = YES;
				CLANG_WARN_BLOCK_CAPTURE_AUTORELEASING = YES;
				CLANG_WARN_BOOL_CONVERSION = YES;
				CLANG_WARN_COMMA = YES;
				CLANG_WARN_CONSTANT_CONVERSION = YES;
				CLANG_WARN_DEPRECATED_OBJC_IMPLEMENTATIONS = YES;
				CLANG_WARN_DIRECT_OBJC_ISA_USAGE = YES_ERROR;
				CLANG_WARN_DOCUMENTATION_COMMENTS = YES;
				CLANG_WARN_EMPTY_BODY = YES;
				CLANG_WARN_ENUM_CONVERSION = YES;
				CLANG_WARN_INFINITE_RECURSION = YES;
				CLANG_WARN_INT_CONVERSION = YES;
				CLANG_WARN_NON_LITERAL_NULL_CONVERSION = YES;
				CLANG_WARN_OBJC_IMPLICIT_RETAIN_SELF = YES;
				CLANG_WARN_OBJC_LITERAL_CONVERSION = YES;
				CLANG_WARN_OBJC_ROOT_CLASS = YES_ERROR;
				CLANG_WARN_QUOTED_INCLUDE_IN_FRAMEWORK_HEADER = YES;
				CLANG_WARN_RANGE_LOOP_ANALYSIS = YES;
				CLANG_WARN_STRICT_PROTOTYPES = YES;
				CLANG_WARN_SUSPICIOUS_MOVE = YES;
				CLANG_WARN_UNGUARDED_AVAILABILITY = YES_AGGRESSIVE;
				CLANG_WARN_UNREACHABLE_CODE = YES;
				CLANG_WARN__DUPLICATE_METHOD_MATCH = YES;
				COPY_PHASE_STRIP = NO;
				DEBUG_INFORMATION_FORMAT = dwarf;
				ENABLE_STRICT_OBJC_MSGSEND = YES;
				ENABLE_TESTABILITY = YES;
				GCC_C_LANGUAGE_STANDARD = gnu11;
				GCC_DYNAMIC_NO_PIC = NO;
				GCC_NO_COMMON_BLOCKS = YES;
				GCC_OPTIMIZATION_LEVEL = 0;
				GCC_PREPROCESSOR_DEFINITIONS = (
					"DEBUG=1",
					"$(inherited)",
				);
				GCC_WARN_64_TO_32_BIT_CONVERSION = YES;
				GCC_WARN_ABOUT_RETURN_TYPE = YES_ERROR;
				GCC_WARN_UNDECLARED_SELECTOR = YES;
				GCC_WARN_UNINITIALIZED_AUTOS = YES_AGGRESSIVE;
				GCC_WARN_UNUSED_FUNCTION = YES;
				GCC_WARN_UNUSED_VARIABLE = YES;
				IPHONEOS_DEPLOYMENT_TARGET = 16.0;
				MTL_ENABLE_DEBUG_INFO = INCLUDE_SOURCE;
				MTL_FAST_MATH = YES;
				ONLY_ACTIVE_ARCH = YES;
				SDKROOT = iphoneos;
				SWIFT_ACTIVE_COMPILATION_CONDITIONS = DEBUG;
				SWIFT_OPTIMIZATION_LEVEL = "-Onone";
			};
			name = Debug;
		};
		49182DA2295D947000BD9F72 /* Release */ = {
			isa = XCBuildConfiguration;
			buildSettings = {
				ALWAYS_SEARCH_USER_PATHS = NO;
				CLANG_ANALYZER_LOCALIZABILITY_NONLOCALIZED = YES;
				CLANG_ANALYZER_NONNULL = YES;
				CLANG_ANALYZER_NUMBER_OBJECT_CONVERSION = YES_AGGRESSIVE;
				CLANG_CXX_LANGUAGE_STANDARD = "gnu++20";
				CLANG_ENABLE_MODULES = YES;
				CLANG_ENABLE_OBJC_ARC = YES;
				CLANG_ENABLE_OBJC_WEAK = YES;
				CLANG_WARN_BLOCK_CAPTURE_AUTORELEASING = YES;
				CLANG_WARN_BOOL_CONVERSION = YES;
				CLANG_WARN_COMMA = YES;
				CLANG_WARN_CONSTANT_CONVERSION = YES;
				CLANG_WARN_DEPRECATED_OBJC_IMPLEMENTATIONS = YES;
				CLANG_WARN_DIRECT_OBJC_ISA_USAGE = YES_ERROR;
				CLANG_WARN_DOCUMENTATION_COMMENTS = YES;
				CLANG_WARN_EMPTY_BODY = YES;
				CLANG_WARN_ENUM_CONVERSION = YES;
				CLANG_WARN_INFINITE_RECURSION = YES;
				CLANG_WARN_INT_CONVERSION = YES;
				CLANG_WARN_NON_LITERAL_NULL_CONVERSION = YES;
				CLANG_WARN_OBJC_IMPLICIT_RETAIN_SELF = YES;
				CLANG_WARN_OBJC_LITERAL_CONVERSION = YES;
				CLANG_WARN_OBJC_ROOT_CLASS = YES_ERROR;
				CLANG_WARN_QUOTED_INCLUDE_IN_FRAMEWORK_HEADER = YES;
				CLANG_WARN_RANGE_LOOP_ANALYSIS = YES;
				CLANG_WARN_STRICT_PROTOTYPES = YES;
				CLANG_WARN_SUSPICIOUS_MOVE = YES;
				CLANG_WARN_UNGUARDED_AVAILABILITY = YES_AGGRESSIVE;
				CLANG_WARN_UNREACHABLE_CODE = YES;
				CLANG_WARN__DUPLICATE_METHOD_MATCH = YES;
				COPY_PHASE_STRIP = NO;
				DEBUG_INFORMATION_FORMAT = "dwarf-with-dsym";
				ENABLE_NS_ASSERTIONS = NO;
				ENABLE_STRICT_OBJC_MSGSEND = YES;
				GCC_C_LANGUAGE_STANDARD = gnu11;
				GCC_NO_COMMON_BLOCKS = YES;
				GCC_WARN_64_TO_32_BIT_CONVERSION = YES;
				GCC_WARN_ABOUT_RETURN_TYPE = YES_ERROR;
				GCC_WARN_UNDECLARED_SELECTOR = YES;
				GCC_WARN_UNINITIALIZED_AUTOS = YES_AGGRESSIVE;
				GCC_WARN_UNUSED_FUNCTION = YES;
				GCC_WARN_UNUSED_VARIABLE = YES;
				IPHONEOS_DEPLOYMENT_TARGET = 16.0;
				MTL_ENABLE_DEBUG_INFO = NO;
				MTL_FAST_MATH = YES;
				SDKROOT = iphoneos;
				SWIFT_COMPILATION_MODE = wholemodule;
				SWIFT_OPTIMIZATION_LEVEL = "-O";
				VALIDATE_PRODUCT = YES;
			};
			name = Release;
		};
		49182DA4295D947000BD9F72 /* Debug */ = {
			isa = XCBuildConfiguration;
			baseConfigurationReference = 9DC4E78697F283CA62378E9C /* Pods-Zeus.debug.xcconfig */;
			buildSettings = {
				ASSETCATALOG_COMPILER_APPICON_NAME = AppIcon;
				ASSETCATALOG_COMPILER_GLOBAL_ACCENT_COLOR_NAME = AccentColor;
				CODE_SIGN_STYLE = Automatic;
				CURRENT_PROJECT_VERSION = 1;
				DEVELOPMENT_TEAM = FZMG2479Q5;
				GENERATE_INFOPLIST_FILE = YES;
				INFOPLIST_FILE = Zeus/Info.plist;
				INFOPLIST_KEY_UIApplicationSupportsIndirectInputEvents = YES;
				INFOPLIST_KEY_UILaunchStoryboardName = LaunchScreen;
				INFOPLIST_KEY_UISupportedInterfaceOrientations_iPad = "UIInterfaceOrientationPortrait UIInterfaceOrientationPortraitUpsideDown UIInterfaceOrientationLandscapeLeft UIInterfaceOrientationLandscapeRight";
				INFOPLIST_KEY_UISupportedInterfaceOrientations_iPhone = "UIInterfaceOrientationPortrait UIInterfaceOrientationLandscapeLeft UIInterfaceOrientationLandscapeRight";
				LD_RUNPATH_SEARCH_PATHS = (
					"$(inherited)",
					"@executable_path/Frameworks",
				);
				MARKETING_VERSION = 1.0;
				PRODUCT_BUNDLE_IDENTIFIER = priyanshuv.Zeus;
				PRODUCT_NAME = "$(TARGET_NAME)";
				SWIFT_EMIT_LOC_STRINGS = YES;
				SWIFT_VERSION = 5.0;
				TARGETED_DEVICE_FAMILY = "1,2";
			};
			name = Debug;
		};
		49182DA5295D947000BD9F72 /* Release */ = {
			isa = XCBuildConfiguration;
			baseConfigurationReference = 60919F07907C6D8048562E8F /* Pods-Zeus.release.xcconfig */;
			buildSettings = {
				ASSETCATALOG_COMPILER_APPICON_NAME = AppIcon;
				ASSETCATALOG_COMPILER_GLOBAL_ACCENT_COLOR_NAME = AccentColor;
				CODE_SIGN_STYLE = Automatic;
				CURRENT_PROJECT_VERSION = 1;
				DEVELOPMENT_TEAM = FZMG2479Q5;
				GENERATE_INFOPLIST_FILE = YES;
				INFOPLIST_FILE = Zeus/Info.plist;
				INFOPLIST_KEY_UIApplicationSupportsIndirectInputEvents = YES;
				INFOPLIST_KEY_UILaunchStoryboardName = LaunchScreen;
				INFOPLIST_KEY_UISupportedInterfaceOrientations_iPad = "UIInterfaceOrientationPortrait UIInterfaceOrientationPortraitUpsideDown UIInterfaceOrientationLandscapeLeft UIInterfaceOrientationLandscapeRight";
				INFOPLIST_KEY_UISupportedInterfaceOrientations_iPhone = "UIInterfaceOrientationPortrait UIInterfaceOrientationLandscapeLeft UIInterfaceOrientationLandscapeRight";
				LD_RUNPATH_SEARCH_PATHS = (
					"$(inherited)",
					"@executable_path/Frameworks",
				);
				MARKETING_VERSION = 1.0;
				PRODUCT_BUNDLE_IDENTIFIER = priyanshuv.Zeus;
				PRODUCT_NAME = "$(TARGET_NAME)";
				SWIFT_EMIT_LOC_STRINGS = YES;
				SWIFT_VERSION = 5.0;
				TARGETED_DEVICE_FAMILY = "1,2";
			};
			name = Release;
		};
		49182DA7295D947000BD9F72 /* Debug */ = {
			isa = XCBuildConfiguration;
			buildSettings = {
				ALWAYS_EMBED_SWIFT_STANDARD_LIBRARIES = YES;
				BUNDLE_LOADER = "$(TEST_HOST)";
				CODE_SIGN_STYLE = Automatic;
				CURRENT_PROJECT_VERSION = 1;
				GENERATE_INFOPLIST_FILE = YES;
				IPHONEOS_DEPLOYMENT_TARGET = 16.1;
				MARKETING_VERSION = 1.0;
				PRODUCT_BUNDLE_IDENTIFIER = priyanshuv.ZeusTests;
				PRODUCT_NAME = "$(TARGET_NAME)";
				SWIFT_EMIT_LOC_STRINGS = NO;
				SWIFT_VERSION = 5.0;
				TARGETED_DEVICE_FAMILY = "1,2";
				TEST_HOST = "$(BUILT_PRODUCTS_DIR)/Zeus.app/$(BUNDLE_EXECUTABLE_FOLDER_PATH)/Zeus";
			};
			name = Debug;
		};
		49182DA8295D947000BD9F72 /* Release */ = {
			isa = XCBuildConfiguration;
			buildSettings = {
				ALWAYS_EMBED_SWIFT_STANDARD_LIBRARIES = YES;
				BUNDLE_LOADER = "$(TEST_HOST)";
				CODE_SIGN_STYLE = Automatic;
				CURRENT_PROJECT_VERSION = 1;
				GENERATE_INFOPLIST_FILE = YES;
				IPHONEOS_DEPLOYMENT_TARGET = 16.1;
				MARKETING_VERSION = 1.0;
				PRODUCT_BUNDLE_IDENTIFIER = priyanshuv.ZeusTests;
				PRODUCT_NAME = "$(TARGET_NAME)";
				SWIFT_EMIT_LOC_STRINGS = NO;
				SWIFT_VERSION = 5.0;
				TARGETED_DEVICE_FAMILY = "1,2";
				TEST_HOST = "$(BUILT_PRODUCTS_DIR)/Zeus.app/$(BUNDLE_EXECUTABLE_FOLDER_PATH)/Zeus";
			};
			name = Release;
		};
		49182DAA295D947000BD9F72 /* Debug */ = {
			isa = XCBuildConfiguration;
			buildSettings = {
				ALWAYS_EMBED_SWIFT_STANDARD_LIBRARIES = YES;
				CODE_SIGN_STYLE = Automatic;
				CURRENT_PROJECT_VERSION = 1;
				GENERATE_INFOPLIST_FILE = YES;
				MARKETING_VERSION = 1.0;
				PRODUCT_BUNDLE_IDENTIFIER = priyanshuv.ZeusUITests;
				PRODUCT_NAME = "$(TARGET_NAME)";
				SWIFT_EMIT_LOC_STRINGS = NO;
				SWIFT_VERSION = 5.0;
				TARGETED_DEVICE_FAMILY = "1,2";
				TEST_TARGET_NAME = Zeus;
			};
			name = Debug;
		};
		49182DAB295D947000BD9F72 /* Release */ = {
			isa = XCBuildConfiguration;
			buildSettings = {
				ALWAYS_EMBED_SWIFT_STANDARD_LIBRARIES = YES;
				CODE_SIGN_STYLE = Automatic;
				CURRENT_PROJECT_VERSION = 1;
				GENERATE_INFOPLIST_FILE = YES;
				MARKETING_VERSION = 1.0;
				PRODUCT_BUNDLE_IDENTIFIER = priyanshuv.ZeusUITests;
				PRODUCT_NAME = "$(TARGET_NAME)";
				SWIFT_EMIT_LOC_STRINGS = NO;
				SWIFT_VERSION = 5.0;
				TARGETED_DEVICE_FAMILY = "1,2";
				TEST_TARGET_NAME = Zeus;
			};
			name = Release;
		};
/* End XCBuildConfiguration section */

/* Begin XCConfigurationList section */
		49182D74295D946E00BD9F72 /* Build configuration list for PBXProject "Zeus" */ = {
			isa = XCConfigurationList;
			buildConfigurations = (
				49182DA1295D947000BD9F72 /* Debug */,
				49182DA2295D947000BD9F72 /* Release */,
			);
			defaultConfigurationIsVisible = 0;
			defaultConfigurationName = Release;
		};
		49182DA3295D947000BD9F72 /* Build configuration list for PBXNativeTarget "Zeus" */ = {
			isa = XCConfigurationList;
			buildConfigurations = (
				49182DA4295D947000BD9F72 /* Debug */,
				49182DA5295D947000BD9F72 /* Release */,
			);
			defaultConfigurationIsVisible = 0;
			defaultConfigurationName = Release;
		};
		49182DA6295D947000BD9F72 /* Build configuration list for PBXNativeTarget "ZeusTests" */ = {
			isa = XCConfigurationList;
			buildConfigurations = (
				49182DA7295D947000BD9F72 /* Debug */,
				49182DA8295D947000BD9F72 /* Release */,
			);
			defaultConfigurationIsVisible = 0;
			defaultConfigurationName = Release;
		};
		49182DA9295D947000BD9F72 /* Build configuration list for PBXNativeTarget "ZeusUITests" */ = {
			isa = XCConfigurationList;
			buildConfigurations = (
				49182DAA295D947000BD9F72 /* Debug */,
				49182DAB295D947000BD9F72 /* Release */,
			);
			defaultConfigurationIsVisible = 0;
			defaultConfigurationName = Release;
		};
/* End XCConfigurationList section */
	};
	rootObject = 49182D71295D946E00BD9F72 /* Project object */;
}
